
Microsoft Visual Studio Solution File, Format Version 12.00
# Visual Studio Version 16
VisualStudioVersion = 16.0.29306.81
MinimumVisualStudioVersion = 10.0.40219.1
Project("{FAE04EC0-301F-11D3-BF4B-00C04F79EFBC}") = "HuseinMaric_MaturskiRad", "HuseinMaric_MaturskiRad\HuseinMaric_MaturskiRad.csproj", "{4C25A253-8ADE-45EE-860B-E88584EE60EE}"
EndProject
Global
	GlobalSection(SolutionConfigurationPlatforms) = preSolution
		Debug|Any CPU = Debug|Any CPU
		Release|Any CPU = Release|Any CPU
	EndGlobalSection
	GlobalSection(ProjectConfigurationPlatforms) = postSolution
		{4C25A253-8ADE-45EE-860B-E88584EE60EE}.Debug|Any CPU.ActiveCfg = Debug|Any CPU
		{4C25A253-8ADE-45EE-860B-E88584EE60EE}.Debug|Any CPU.Build.0 = Debug|Any CPU
		{4C25A253-8ADE-45EE-860B-E88584EE60EE}.Release|Any CPU.ActiveCfg = Release|Any CPU
		{4C25A253-8ADE-45EE-860B-E88584EE60EE}.Release|Any CPU.Build.0 = Release|Any CPU
	EndGlobalSection
	GlobalSection(SolutionProperties) = preSolution
		HideSolutionNode = FALSE
	EndGlobalSection
	GlobalSection(ExtensibilityGlobals) = postSolution
		SolutionGuid = {238D3356-8227-4846-897D-974163132E34}
	EndGlobalSection
EndGlobal
